
Microsoft Visual Studio Solution File, Format Version 12.00
# Visual Studio 15
VisualStudioVersion = 15.0.28010.2026
MinimumVisualStudioVersion = 10.0.40219.1
Project("{FAE04EC0-301F-11D3-BF4B-00C04F79EFBC}") = "cyrilWebfor霞姐", "cyrilWeb\cyrilWebfor霞姐.csproj", "{2A4BB2C3-37D6-4A77-8459-80B9F9D7758D}"
EndProject
Project("{FAE04EC0-301F-11D3-BF4B-00C04F79EFBC}") = "控件集合", "控件集合\控件集合.csproj", "{96B5F981-4DF9-478D-8D41-DC5A8AED9EAF}"
EndProject
Project("{FAE04EC0-301F-11D3-BF4B-00C04F79EFBC}") = "个人简历", "个人简历\个人简历.csproj", "{E512F1A1-B535-472D-A6E7-E3A80A00ADAF}"
EndProject
Global
	GlobalSection(SolutionConfigurationPlatforms) = preSolution
		Debug|Any CPU = Debug|Any CPU
		Release|Any CPU = Release|Any CPU
	EndGlobalSection
	GlobalSection(ProjectConfigurationPlatforms) = postSolution
		{2A4BB2C3-37D6-4A77-8459-80B9F9D7758D}.Debug|Any CPU.ActiveCfg = Debug|Any CPU
		{2A4BB2C3-37D6-4A77-8459-80B9F9D7758D}.Debug|Any CPU.Build.0 = Debug|Any CPU
		{2A4BB2C3-37D6-4A77-8459-80B9F9D7758D}.Release|Any CPU.ActiveCfg = Release|Any CPU
		{2A4BB2C3-37D6-4A77-8459-80B9F9D7758D}.Release|Any CPU.Build.0 = Release|Any CPU
		{96B5F981-4DF9-478D-8D41-DC5A8AED9EAF}.Debug|Any CPU.ActiveCfg = Debug|Any CPU
		{96B5F981-4DF9-478D-8D41-DC5A8AED9EAF}.Debug|Any CPU.Build.0 = Debug|Any CPU
		{96B5F981-4DF9-478D-8D41-DC5A8AED9EAF}.Release|Any CPU.ActiveCfg = Release|Any CPU
		{96B5F981-4DF9-478D-8D41-DC5A8AED9EAF}.Release|Any CPU.Build.0 = Release|Any CPU
		{E512F1A1-B535-472D-A6E7-E3A80A00ADAF}.Debug|Any CPU.ActiveCfg = Debug|Any CPU
		{E512F1A1-B535-472D-A6E7-E3A80A00ADAF}.Debug|Any CPU.Build.0 = Debug|Any CPU
		{E512F1A1-B535-472D-A6E7-E3A80A00ADAF}.Release|Any CPU.ActiveCfg = Release|Any CPU
		{E512F1A1-B535-472D-A6E7-E3A80A00ADAF}.Release|Any CPU.Build.0 = Release|Any CPU
	EndGlobalSection
	GlobalSection(SolutionProperties) = preSolution
		HideSolutionNode = FALSE
	EndGlobalSection
	GlobalSection(ExtensibilityGlobals) = postSolution
		SolutionGuid = {2FFC6666-CDF5-457D-91B2-2F899505BF4A}
	EndGlobalSection
EndGlobal
